
Microsoft Visual Studio Solution File, Format Version 12.00
# Visual Studio Version 16
VisualStudioVersion = 16.0.29418.71
MinimumVisualStudioVersion = 10.0.40219.1
Project("{FAE04EC0-301F-11D3-BF4B-00C04F79EFBC}") = "PosTicket", "PosTicket\PosTicket.csproj", "{7DE509D8-DFF5-432F-AB5A-5710EE97404E}"
EndProject
Global
	GlobalSection(SolutionConfigurationPlatforms) = preSolution
		Debug|Any CPU = Debug|Any CPU
		Release|Any CPU = Release|Any CPU
	EndGlobalSection
	GlobalSection(ProjectConfigurationPlatforms) = postSolution
		{7DE509D8-DFF5-432F-AB5A-5710EE97404E}.Debug|Any CPU.ActiveCfg = Debug|Any CPU
		{7DE509D8-DFF5-432F-AB5A-5710EE97404E}.Debug|Any CPU.Build.0 = Debug|Any CPU
		{7DE509D8-DFF5-432F-AB5A-5710EE97404E}.Release|Any CPU.ActiveCfg = Release|Any CPU
		{7DE509D8-DFF5-432F-AB5A-5710EE97404E}.Release|Any CPU.Build.0 = Release|Any CPU
	EndGlobalSection
	GlobalSection(SolutionProperties) = preSolution
		HideSolutionNode = FALSE
	EndGlobalSection
	GlobalSection(ExtensibilityGlobals) = postSolution
		SolutionGuid = {AFCB7320-5B89-4C9D-A8D5-BD174C5BA681}
	EndGlobalSection
EndGlobal
