
Microsoft Visual Studio Solution File, Format Version 12.00
# Visual Studio Version 16
VisualStudioVersion = 16.0.29418.71
MinimumVisualStudioVersion = 10.0.40219.1
Project("{9A19103F-16F7-4668-BE54-9A1E7A4F7556}") = "PosTicket", "PosTicket\PosTicket.csproj", "{7DE509D8-DFF5-432F-AB5A-5710EE97404E}"
EndProject
Project("{54435603-DBB4-11D2-8724-00A0C9A8B90C}") = "Installer", "Installer\Installer.vdproj", "{106A4940-5CFE-48BE-9C8E-4DE19501061B}"
EndProject
Global
	GlobalSection(SolutionConfigurationPlatforms) = preSolution
		Debug|Any CPU = Debug|Any CPU
		Release|Any CPU = Release|Any CPU
	EndGlobalSection
	GlobalSection(ProjectConfigurationPlatforms) = postSolution
		{7DE509D8-DFF5-432F-AB5A-5710EE97404E}.Debug|Any CPU.ActiveCfg = Release|Any CPU
		{7DE509D8-DFF5-432F-AB5A-5710EE97404E}.Debug|Any CPU.Build.0 = Release|Any CPU
		{7DE509D8-DFF5-432F-AB5A-5710EE97404E}.Release|Any CPU.ActiveCfg = Release|Any CPU
		{7DE509D8-DFF5-432F-AB5A-5710EE97404E}.Release|Any CPU.Build.0 = Release|Any CPU
		{106A4940-5CFE-48BE-9C8E-4DE19501061B}.Debug|Any CPU.ActiveCfg = Release
		{106A4940-5CFE-48BE-9C8E-4DE19501061B}.Debug|Any CPU.Build.0 = Release
		{106A4940-5CFE-48BE-9C8E-4DE19501061B}.Release|Any CPU.ActiveCfg = Release
	EndGlobalSection
	GlobalSection(SolutionProperties) = preSolution
		HideSolutionNode = FALSE
	EndGlobalSection
	GlobalSection(ExtensibilityGlobals) = postSolution
		SolutionGuid = {AFCB7320-5B89-4C9D-A8D5-BD174C5BA681}
	EndGlobalSection
EndGlobal
